
Microsoft Visual Studio Solution File, Format Version 12.00
# Visual Studio Version 17
VisualStudioVersion = 17.10.35013.160
MinimumVisualStudioVersion = 10.0.40219.1
Project("{FAE04EC0-301F-11D3-BF4B-00C04F79EFBC}") = "CalculadoraConsole", "CalculadoraConsole.csproj", "{1A88A0AB-E1D2-4D3F-824E-6420C84F5472}"
EndProject
Global
	GlobalSection(SolutionConfigurationPlatforms) = preSolution
		Debug|Any CPU = Debug|Any CPU
		Release|Any CPU = Release|Any CPU
	EndGlobalSection
	GlobalSection(ProjectConfigurationPlatforms) = postSolution
		{1A88A0AB-E1D2-4D3F-824E-6420C84F5472}.Debug|Any CPU.ActiveCfg = Debug|Any CPU
		{1A88A0AB-E1D2-4D3F-824E-6420C84F5472}.Debug|Any CPU.Build.0 = Debug|Any CPU
		{1A88A0AB-E1D2-4D3F-824E-6420C84F5472}.Release|Any CPU.ActiveCfg = Release|Any CPU
		{1A88A0AB-E1D2-4D3F-824E-6420C84F5472}.Release|Any CPU.Build.0 = Release|Any CPU
	EndGlobalSection
	GlobalSection(SolutionProperties) = preSolution
		HideSolutionNode = FALSE
	EndGlobalSection
	GlobalSection(ExtensibilityGlobals) = postSolution
		SolutionGuid = {99BA8037-1E6F-4FFF-9D89-83D629C705B3}
	EndGlobalSection
EndGlobal
